// !$*UTF8*$!
{
	archiveVersion = 1;
	classes = {
	};
	objectVersion = 46;
	objects = {

/* Begin PBXBuildFile section */
		2A24DAAD1A530B5E00CE2A8F /* AppDelegate.swift in Sources */ = {isa = PBXBuildFile; fileRef = 2A24DAAC1A530B5E00CE2A8F /* AppDelegate.swift */; };
		2A24DAAF1A530B5E00CE2A8F /* ViewController.swift in Sources */ = {isa = PBXBuildFile; fileRef = 2A24DAAE1A530B5E00CE2A8F /* ViewController.swift */; };
		2A24DAB21A530B5E00CE2A8F /* Main.storyboard in Resources */ = {isa = PBXBuildFile; fileRef = 2A24DAB01A530B5E00CE2A8F /* Main.storyboard */; };
		2A24DAB41A530B5E00CE2A8F /* Images.xcassets in Resources */ = {isa = PBXBuildFile; fileRef = 2A24DAB31A530B5E00CE2A8F /* Images.xcassets */; };
		2A24DAB71A530B5E00CE2A8F /* LaunchScreen.xib in Resources */ = {isa = PBXBuildFile; fileRef = 2A24DAB51A530B5E00CE2A8F /* LaunchScreen.xib */; };
		2A24DAC31A530B5E00CE2A8F /* Swift_Sample_ClockTests.swift in Sources */ = {isa = PBXBuildFile; fileRef = 2A24DAC21A530B5E00CE2A8F /* Swift_Sample_ClockTests.swift */; };
		2A9A41F21A56D1350040E121 /* 0.png in Resources */ = {isa = PBXBuildFile; fileRef = 2A9A41E71A56D1350040E121 /* 0.png */; };
		2A9A41F31A56D1350040E121 /* 1.png in Resources */ = {isa = PBXBuildFile; fileRef = 2A9A41E81A56D1350040E121 /* 1.png */; };
		2A9A41F41A56D1350040E121 /* 2.png in Resources */ = {isa = PBXBuildFile; fileRef = 2A9A41E91A56D1350040E121 /* 2.png */; };
		2A9A41F51A56D1350040E121 /* 3.png in Resources */ = {isa = PBXBuildFile; fileRef = 2A9A41EA1A56D1350040E121 /* 3.png */; };
		2A9A41F61A56D1350040E121 /* 4.png in Resources */ = {isa = PBXBuildFile; fileRef = 2A9A41EB1A56D1350040E121 /* 4.png */; };
		2A9A41F71A56D1350040E121 /* 5.png in Resources */ = {isa = PBXBuildFile; fileRef = 2A9A41EC1A56D1350040E121 /* 5.png */; };
		2A9A41F81A56D1350040E121 /* 6.png in Resources */ = {isa = PBXBuildFile; fileRef = 2A9A41ED1A56D1350040E121 /* 6.png */; };
		2A9A41F91A56D1350040E121 /* 7.png in Resources */ = {isa = PBXBuildFile; fileRef = 2A9A41EE1A56D1350040E121 /* 7.png */; };
		2A9A41FA1A56D1350040E121 /* 8.png in Resources */ = {isa = PBXBuildFile; fileRef = 2A9A41EF1A56D1350040E121 /* 8.png */; };
		2A9A41FB1A56D1350040E121 /* 9.png in Resources */ = {isa = PBXBuildFile; fileRef = 2A9A41F01A56D1350040E121 /* 9.png */; };
		2A9A41FC1A56D1350040E121 /* コロン.png in Resources */ = {isa = PBXBuildFile; fileRef = 2A9A41F11A56D1350040E121 /* コロン.png */; };
/* End PBXBuildFile section */

/* Begin PBXContainerItemProxy section */
		2A24DABD1A530B5E00CE2A8F /* PBXContainerItemProxy */ = {
			isa = PBXContainerItemProxy;
			containerPortal = 2A24DA9F1A530B5E00CE2A8F /* Project object */;
			proxyType = 1;
			remoteGlobalIDString = 2A24DAA61A530B5E00CE2A8F;
			remoteInfo = Swift_Sample_Clock;
		};
/* End PBXContainerItemProxy section */

/* Begin PBXFileReference section */
		2A24DAA71A530B5E00CE2A8F /* Swift_Sample_Clock.app */ = {isa = PBXFileReference; explicitFileType = wrapper.application; includeInIndex = 0; path = Swift_Sample_Clock.app; sourceTree = BUILT_PRODUCTS_DIR; };
		2A24DAAB1A530B5E00CE2A8F /* Info.plist */ = {isa = PBXFileReference; lastKnownFileType = text.plist.xml; path = Info.plist; sourceTree = "<group>"; };
		2A24DAAC1A530B5E00CE2A8F /* AppDelegate.swift */ = {isa = PBXFileReference; lastKnownFileType = sourcecode.swift; path = AppDelegate.swift; sourceTree = "<group>"; };
		2A24DAAE1A530B5E00CE2A8F /* ViewController.swift */ = {isa = PBXFileReference; lastKnownFileType = sourcecode.swift; path = ViewController.swift; sourceTree = "<group>"; };
		2A24DAB11A530B5E00CE2A8F /* Base */ = {isa = PBXFileReference; lastKnownFileType = file.storyboard; name = Base; path = Base.lproj/Main.storyboard; sourceTree = "<group>"; };
		2A24DAB31A530B5E00CE2A8F /* Images.xcassets */ = {isa = PBXFileReference; lastKnownFileType = folder.assetcatalog; path = Images.xcassets; sourceTree = "<group>"; };
		2A24DAB61A530B5E00CE2A8F /* Base */ = {isa = PBXFileReference; lastKnownFileType = file.xib; name = Base; path = Base.lproj/LaunchScreen.xib; sourceTree = "<group>"; };
		2A24DABC1A530B5E00CE2A8F /* Swift_Sample_ClockTests.xctest */ = {isa = PBXFileReference; explicitFileType = wrapper.cfbundle; includeInIndex = 0; path = Swift_Sample_ClockTests.xctest; sourceTree = BUILT_PRODUCTS_DIR; };
		2A24DAC11A530B5E00CE2A8F /* Info.plist */ = {isa = PBXFileReference; lastKnownFileType = text.plist.xml; path = Info.plist; sourceTree = "<group>"; };
		2A24DAC21A530B5E00CE2A8F /* Swift_Sample_ClockTests.swift */ = {isa = PBXFileReference; lastKnownFileType = sourcecode.swift; path = Swift_Sample_ClockTests.swift; sourceTree = "<group>"; };
		2A9A41E71A56D1350040E121 /* 0.png */ = {isa = PBXFileReference; lastKnownFileType = image.png; path = 0.png; sourceTree = "<group>"; };
		2A9A41E81A56D1350040E121 /* 1.png */ = {isa = PBXFileReference; lastKnownFileType = image.png; path = 1.png; sourceTree = "<group>"; };
		2A9A41E91A56D1350040E121 /* 2.png */ = {isa = PBXFileReference; lastKnownFileType = image.png; path = 2.png; sourceTree = "<group>"; };
		2A9A41EA1A56D1350040E121 /* 3.png */ = {isa = PBXFileReference; lastKnownFileType = image.png; path = 3.png; sourceTree = "<group>"; };
		2A9A41EB1A56D1350040E121 /* 4.png */ = {isa = PBXFileReference; lastKnownFileType = image.png; path = 4.png; sourceTree = "<group>"; };
		2A9A41EC1A56D1350040E121 /* 5.png */ = {isa = PBXFileReference; lastKnownFileType = image.png; path = 5.png; sourceTree = "<group>"; };
		2A9A41ED1A56D1350040E121 /* 6.png */ = {isa = PBXFileReference; lastKnownFileType = image.png; path = 6.png; sourceTree = "<group>"; };
		2A9A41EE1A56D1350040E121 /* 7.png */ = {isa = PBXFileReference; lastKnownFileType = image.png; path = 7.png; sourceTree = "<group>"; };
		2A9A41EF1A56D1350040E121 /* 8.png */ = {isa = PBXFileReference; lastKnownFileType = image.png; path = 8.png; sourceTree = "<group>"; };
		2A9A41F01A56D1350040E121 /* 9.png */ = {isa = PBXFileReference; lastKnownFileType = image.png; path = 9.png; sourceTree = "<group>"; };
		2A9A41F11A56D1350040E121 /* コロン.png */ = {isa = PBXFileReference; lastKnownFileType = image.png; path = "コロン.png"; sourceTree = "<group>"; };
/* End PBXFileReference section */

/* Begin PBXFrameworksBuildPhase section */
		2A24DAA41A530B5E00CE2A8F /* Frameworks */ = {
			isa = PBXFrameworksBuildPhase;
			buildActionMask = 2147483647;
			files = (
			);
			runOnlyForDeploymentPostprocessing = 0;
		};
		2A24DAB91A530B5E00CE2A8F /* Frameworks */ = {
			isa = PBXFrameworksBuildPhase;
			buildActionMask = 2147483647;
			files = (
			);
			runOnlyForDeploymentPostprocessing = 0;
		};
/* End PBXFrameworksBuildPhase section */

/* Begin PBXGroup section */
		2A24DA9E1A530B5E00CE2A8F = {
			isa = PBXGroup;
			children = (
				2A24DAA91A530B5E00CE2A8F /* Swift_Sample_Clock */,
				2A24DABF1A530B5E00CE2A8F /* Swift_Sample_ClockTests */,
				2A24DAA81A530B5E00CE2A8F /* Products */,
			);
			sourceTree = "<group>";
		};
		2A24DAA81A530B5E00CE2A8F /* Products */ = {
			isa = PBXGroup;
			children = (
				2A24DAA71A530B5E00CE2A8F /* Swift_Sample_Clock.app */,
				2A24DABC1A530B5E00CE2A8F /* Swift_Sample_ClockTests.xctest */,
			);
			name = Products;
			sourceTree = "<group>";
		};
		2A24DAA91A530B5E00CE2A8F /* Swift_Sample_Clock */ = {
			isa = PBXGroup;
			children = (
				2A9A41E61A56D1350040E121 /* images */,
				2A24DAAC1A530B5E00CE2A8F /* AppDelegate.swift */,
				2A24DAAE1A530B5E00CE2A8F /* ViewController.swift */,
				2A24DAB01A530B5E00CE2A8F /* Main.storyboard */,
				2A24DAB31A530B5E00CE2A8F /* Images.xcassets */,
				2A24DAB51A530B5E00CE2A8F /* LaunchScreen.xib */,
				2A24DAAA1A530B5E00CE2A8F /* Supporting Files */,
			);
			path = Swift_Sample_Clock;
			sourceTree = "<group>";
		};
		2A24DAAA1A530B5E00CE2A8F /* Supporting Files */ = {
			isa = PBXGroup;
			children = (
				2A24DAAB1A530B5E00CE2A8F /* Info.plist */,
			);
			name = "Supporting Files";
			sourceTree = "<group>";
		};
		2A24DABF1A530B5E00CE2A8F /* Swift_Sample_ClockTests */ = {
			isa = PBXGroup;
			children = (
				2A24DAC21A530B5E00CE2A8F /* Swift_Sample_ClockTests.swift */,
				2A24DAC01A530B5E00CE2A8F /* Supporting Files */,
			);
			path = Swift_Sample_ClockTests;
			sourceTree = "<group>";
		};
		2A24DAC01A530B5E00CE2A8F /* Supporting Files */ = {
			isa = PBXGroup;
			children = (
				2A24DAC11A530B5E00CE2A8F /* Info.plist */,
			);
			name = "Supporting Files";
			sourceTree = "<group>";
		};
		2A9A41E61A56D1350040E121 /* images */ = {
			isa = PBXGroup;
			children = (
				2A9A41E71A56D1350040E121 /* 0.png */,
				2A9A41E81A56D1350040E121 /* 1.png */,
				2A9A41E91A56D1350040E121 /* 2.png */,
				2A9A41EA1A56D1350040E121 /* 3.png */,
				2A9A41EB1A56D1350040E121 /* 4.png */,
				2A9A41EC1A56D1350040E121 /* 5.png */,
				2A9A41ED1A56D1350040E121 /* 6.png */,
				2A9A41EE1A56D1350040E121 /* 7.png */,
				2A9A41EF1A56D1350040E121 /* 8.png */,
				2A9A41F01A56D1350040E121 /* 9.png */,
				2A9A41F11A56D1350040E121 /* コロン.png */,
			);
			path = images;
			sourceTree = "<group>";
		};
/* End PBXGroup section */

/* Begin PBXNativeTarget section */
		2A24DAA61A530B5E00CE2A8F /* Swift_Sample_Clock */ = {
			isa = PBXNativeTarget;
			buildConfigurationList = 2A24DAC61A530B5E00CE2A8F /* Build configuration list for PBXNativeTarget "Swift_Sample_Clock" */;
			buildPhases = (
				2A24DAA31A530B5E00CE2A8F /* Sources */,
				2A24DAA41A530B5E00CE2A8F /* Frameworks */,
				2A24DAA51A530B5E00CE2A8F /* Resources */,
			);
			buildRules = (
			);
			dependencies = (
			);
			name = Swift_Sample_Clock;
			productName = Swift_Sample_Clock;
			productReference = 2A24DAA71A530B5E00CE2A8F /* Swift_Sample_Clock.app */;
			productType = "com.apple.product-type.application";
		};
		2A24DABB1A530B5E00CE2A8F /* Swift_Sample_ClockTests */ = {
			isa = PBXNativeTarget;
			buildConfigurationList = 2A24DAC91A530B5E00CE2A8F /* Build configuration list for PBXNativeTarget "Swift_Sample_ClockTests" */;
			buildPhases = (
				2A24DAB81A530B5E00CE2A8F /* Sources */,
				2A24DAB91A530B5E00CE2A8F /* Frameworks */,
				2A24DABA1A530B5E00CE2A8F /* Resources */,
			);
			buildRules = (
			);
			dependencies = (
				2A24DABE1A530B5E00CE2A8F /* PBXTargetDependency */,
			);
			name = Swift_Sample_ClockTests;
			productName = Swift_Sample_ClockTests;
			productReference = 2A24DABC1A530B5E00CE2A8F /* Swift_Sample_ClockTests.xctest */;
			productType = "com.apple.product-type.bundle.unit-test";
		};
/* End PBXNativeTarget section */

/* Begin PBXProject section */
		2A24DA9F1A530B5E00CE2A8F /* Project object */ = {
			isa = PBXProject;
			attributes = {
				LastUpgradeCheck = 0610;
				ORGANIZATIONNAME = "Ryo Eguchi";
				TargetAttributes = {
					2A24DAA61A530B5E00CE2A8F = {
						CreatedOnToolsVersion = 6.1.1;
					};
					2A24DABB1A530B5E00CE2A8F = {
						CreatedOnToolsVersion = 6.1.1;
						TestTargetID = 2A24DAA61A530B5E00CE2A8F;
					};
				};
			};
			buildConfigurationList = 2A24DAA21A530B5E00CE2A8F /* Build configuration list for PBXProject "Swift_Sample_Clock" */;
			compatibilityVersion = "Xcode 3.2";
			developmentRegion = English;
			hasScannedForEncodings = 0;
			knownRegions = (
				en,
				Base,
			);
			mainGroup = 2A24DA9E1A530B5E00CE2A8F;
			productRefGroup = 2A24DAA81A530B5E00CE2A8F /* Products */;
			projectDirPath = "";
			projectRoot = "";
			targets = (
				2A24DAA61A530B5E00CE2A8F /* Swift_Sample_Clock */,
				2A24DABB1A530B5E00CE2A8F /* Swift_Sample_ClockTests */,
			);
		};
/* End PBXProject section */

/* Begin PBXResourcesBuildPhase section */
		2A24DAA51A530B5E00CE2A8F /* Resources */ = {
			isa = PBXResourcesBuildPhase;
			buildActionMask = 2147483647;
			files = (
				2A9A41FA1A56D1350040E121 /* 8.png in Resources */,
				2A9A41F91A56D1350040E121 /* 7.png in Resources */,
				2A9A41F41A56D1350040E121 /* 2.png in Resources */,
				2A9A41F21A56D1350040E121 /* 0.png in Resources */,
				2A9A41FB1A56D1350040E121 /* 9.png in Resources */,
				2A24DAB21A530B5E00CE2A8F /* Main.storyboard in Resources */,
				2A24DAB71A530B5E00CE2A8F /* LaunchScreen.xib in Resources */,
				2A9A41F81A56D1350040E121 /* 6.png in Resources */,
				2A9A41F61A56D1350040E121 /* 4.png in Resources */,
				2A24DAB41A530B5E00CE2A8F /* Images.xcassets in Resources */,
				2A9A41F71A56D1350040E121 /* 5.png in Resources */,
				2A9A41FC1A56D1350040E121 /* コロン.png in Resources */,
				2A9A41F51A56D1350040E121 /* 3.png in Resources */,
				2A9A41F31A56D1350040E121 /* 1.png in Resources */,
			);
			runOnlyForDeploymentPostprocessing = 0;
		};
		2A24DABA1A530B5E00CE2A8F /* Resources */ = {
			isa = PBXResourcesBuildPhase;
			buildActionMask = 2147483647;
			files = (
			);
			runOnlyForDeploymentPostprocessing = 0;
		};
/* End PBXResourcesBuildPhase section */

/* Begin PBXSourcesBuildPhase section */
		2A24DAA31A530B5E00CE2A8F /* Sources */ = {
			isa = PBXSourcesBuildPhase;
			buildActionMask = 2147483647;
			files = (
				2A24DAAF1A530B5E00CE2A8F /* ViewController.swift in Sources */,
				2A24DAAD1A530B5E00CE2A8F /* AppDelegate.swift in Sources */,
			);
			runOnlyForDeploymentPostprocessing = 0;
		};
		2A24DAB81A530B5E00CE2A8F /* Sources */ = {
			isa = PBXSourcesBuildPhase;
			buildActionMask = 2147483647;
			files = (
				2A24DAC31A530B5E00CE2A8F /* Swift_Sample_ClockTests.swift in Sources */,
			);
			runOnlyForDeploymentPostprocessing = 0;
		};
/* End PBXSourcesBuildPhase section */

/* Begin PBXTargetDependency section */
		2A24DABE1A530B5E00CE2A8F /* PBXTargetDependency */ = {
			isa = PBXTargetDependency;
			target = 2A24DAA61A530B5E00CE2A8F /* Swift_Sample_Clock */;
			targetProxy = 2A24DABD1A530B5E00CE2A8F /* PBXContainerItemProxy */;
		};
/* End PBXTargetDependency section */

/* Begin PBXVariantGroup section */
		2A24DAB01A530B5E00CE2A8F /* Main.storyboard */ = {
			isa = PBXVariantGroup;
			children = (
				2A24DAB11A530B5E00CE2A8F /* Base */,
			);
			name = Main.storyboard;
			sourceTree = "<group>";
		};
		2A24DAB51A530B5E00CE2A8F /* LaunchScreen.xib */ = {
			isa = PBXVariantGroup;
			children = (
				2A24DAB61A530B5E00CE2A8F /* Base */,
			);
			name = LaunchScreen.xib;
			sourceTree = "<group>";
		};
/* End PBXVariantGroup section */

/* Begin XCBuildConfiguration section */
		2A24DAC41A530B5E00CE2A8F /* Debug */ = {
			isa = XCBuildConfiguration;
			buildSettings = {
				ALWAYS_SEARCH_USER_PATHS = NO;
				CLANG_CXX_LANGUAGE_STANDARD = "gnu++0x";
				CLANG_CXX_LIBRARY = "libc++";
				CLANG_ENABLE_MODULES = YES;
				CLANG_ENABLE_OBJC_ARC = YES;
				CLANG_WARN_BOOL_CONVERSION = YES;
				CLANG_WARN_CONSTANT_CONVERSION = YES;
				CLANG_WARN_DIRECT_OBJC_ISA_USAGE = YES_ERROR;
				CLANG_WARN_EMPTY_BODY = YES;
				CLANG_WARN_ENUM_CONVERSION = YES;
				CLANG_WARN_INT_CONVERSION = YES;
				CLANG_WARN_OBJC_ROOT_CLASS = YES_ERROR;
				CLANG_WARN_UNREACHABLE_CODE = YES;
				CLANG_WARN__DUPLICATE_METHOD_MATCH = YES;
				"CODE_SIGN_IDENTITY[sdk=iphoneos*]" = "iPhone Developer";
				COPY_PHASE_STRIP = NO;
				ENABLE_STRICT_OBJC_MSGSEND = YES;
				GCC_C_LANGUAGE_STANDARD = gnu99;
				GCC_DYNAMIC_NO_PIC = NO;
				GCC_OPTIMIZATION_LEVEL = 0;
				GCC_PREPROCESSOR_DEFINITIONS = (
					"DEBUG=1",
					"$(inherited)",
				);
				GCC_SYMBOLS_PRIVATE_EXTERN = NO;
				GCC_WARN_64_TO_32_BIT_CONVERSION = YES;
				GCC_WARN_ABOUT_RETURN_TYPE = YES_ERROR;
				GCC_WARN_UNDECLARED_SELECTOR = YES;
				GCC_WARN_UNINITIALIZED_AUTOS = YES_AGGRESSIVE;
				GCC_WARN_UNUSED_FUNCTION = YES;
				GCC_WARN_UNUSED_VARIABLE = YES;
				IPHONEOS_DEPLOYMENT_TARGET = 8.1;
				MTL_ENABLE_DEBUG_INFO = YES;
				ONLY_ACTIVE_ARCH = YES;
				SDKROOT = iphoneos;
				SWIFT_OPTIMIZATION_LEVEL = "-Onone";
			};
			name = Debug;
		};
		2A24DAC51A530B5E00CE2A8F /* Release */ = {
			isa = XCBuildConfiguration;
			buildSettings = {
				ALWAYS_SEARCH_USER_PATHS = NO;
				CLANG_CXX_LANGUAGE_STANDARD = "gnu++0x";
				CLANG_CXX_LIBRARY = "libc++";
				CLANG_ENABLE_MODULES = YES;
				CLANG_ENABLE_OBJC_ARC = YES;
				CLANG_WARN_BOOL_CONVERSION = YES;
				CLANG_WARN_CONSTANT_CONVERSION = YES;
				CLANG_WARN_DIRECT_OBJC_ISA_USAGE = YES_ERROR;
				CLANG_WARN_EMPTY_BODY = YES;
				CLANG_WARN_ENUM_CONVERSION = YES;
				CLANG_WARN_INT_CONVERSION = YES;
				CLANG_WARN_OBJC_ROOT_CLASS = YES_ERROR;
				CLANG_WARN_UNREACHABLE_CODE = YES;
				CLANG_WARN__DUPLICATE_METHOD_MATCH = YES;
				"CODE_SIGN_IDENTITY[sdk=iphoneos*]" = "iPhone Developer";
				COPY_PHASE_STRIP = YES;
				ENABLE_NS_ASSERTIONS = NO;
				ENABLE_STRICT_OBJC_MSGSEND = YES;
				GCC_C_LANGUAGE_STANDARD = gnu99;
				GCC_WARN_64_TO_32_BIT_CONVERSION = YES;
				GCC_WARN_ABOUT_RETURN_TYPE = YES_ERROR;
				GCC_WARN_UNDECLARED_SELECTOR = YES;
				GCC_WARN_UNINITIALIZED_AUTOS = YES_AGGRESSIVE;
				GCC_WARN_UNUSED_FUNCTION = YES;
				GCC_WARN_UNUSED_VARIABLE = YES;
				IPHONEOS_DEPLOYMENT_TARGET = 8.1;
				MTL_ENABLE_DEBUG_INFO = NO;
				SDKROOT = iphoneos;
				VALIDATE_PRODUCT = YES;
			};
			name = Release;
		};
		2A24DAC71A530B5E00CE2A8F /* Debug */ = {
			isa = XCBuildConfiguration;
			buildSettings = {
				ASSETCATALOG_COMPILER_APPICON_NAME = AppIcon;
				INFOPLIST_FILE = Swift_Sample_Clock/Info.plist;
				LD_RUNPATH_SEARCH_PATHS = "$(inherited) @executable_path/Frameworks";
				PRODUCT_NAME = "$(TARGET_NAME)";
			};
			name = Debug;
		};
		2A24DAC81A530B5E00CE2A8F /* Release */ = {
			isa = XCBuildConfiguration;
			buildSettings = {
				ASSETCATALOG_COMPILER_APPICON_NAME = AppIcon;
				INFOPLIST_FILE = Swift_Sample_Clock/Info.plist;
				LD_RUNPATH_SEARCH_PATHS = "$(inherited) @executable_path/Frameworks";
				PRODUCT_NAME = "$(TARGET_NAME)";
			};
			name = Release;
		};
		2A24DACA1A530B5E00CE2A8F /* Debug */ = {
			isa = XCBuildConfiguration;
			buildSettings = {
				BUNDLE_LOADER = "$(TEST_HOST)";
				FRAMEWORK_SEARCH_PATHS = (
					"$(SDKROOT)/Developer/Library/Frameworks",
					"$(inherited)",
				);
				GCC_PREPROCESSOR_DEFINITIONS = (
					"DEBUG=1",
					"$(inherited)",
				);
				INFOPLIST_FILE = Swift_Sample_ClockTests/Info.plist;
				LD_RUNPATH_SEARCH_PATHS = "$(inherited) @executable_path/Frameworks @loader_path/Frameworks";
				PRODUCT_NAME = "$(TARGET_NAME)";
				TEST_HOST = "$(BUILT_PRODUCTS_DIR)/Swift_Sample_Clock.app/Swift_Sample_Clock";
			};
			name = Debug;
		};
		2A24DACB1A530B5E00CE2A8F /* Release */ = {
			isa = XCBuildConfiguration;
			buildSettings = {
				BUNDLE_LOADER = "$(TEST_HOST)";
				FRAMEWORK_SEARCH_PATHS = (
					"$(SDKROOT)/Developer/Library/Frameworks",
					"$(inherited)",
				);
				INFOPLIST_FILE = Swift_Sample_ClockTests/Info.plist;
				LD_RUNPATH_SEARCH_PATHS = "$(inherited) @executable_path/Frameworks @loader_path/Frameworks";
				PRODUCT_NAME = "$(TARGET_NAME)";
				TEST_HOST = "$(BUILT_PRODUCTS_DIR)/Swift_Sample_Clock.app/Swift_Sample_Clock";
			};
			name = Release;
		};
/* End XCBuildConfiguration section */

/* Begin XCConfigurationList section */
		2A24DAA21A530B5E00CE2A8F /* Build configuration list for PBXProject "Swift_Sample_Clock" */ = {
			isa = XCConfigurationList;
			buildConfigurations = (
				2A24DAC41A530B5E00CE2A8F /* Debug */,
				2A24DAC51A530B5E00CE2A8F /* Release */,
			);
			defaultConfigurationIsVisible = 0;
			defaultConfigurationName = Release;
		};
		2A24DAC61A530B5E00CE2A8F /* Build configuration list for PBXNativeTarget "Swift_Sample_Clock" */ = {
			isa = XCConfigurationList;
			buildConfigurations = (
				2A24DAC71A530B5E00CE2A8F /* Debug */,
				2A24DAC81A530B5E00CE2A8F /* Release */,
			);
			defaultConfigurationIsVisible = 0;
			defaultConfigurationName = Release;
		};
		2A24DAC91A530B5E00CE2A8F /* Build configuration list for PBXNativeTarget "Swift_Sample_ClockTests" */ = {
			isa = XCConfigurationList;
			buildConfigurations = (
				2A24DACA1A530B5E00CE2A8F /* Debug */,
				2A24DACB1A530B5E00CE2A8F /* Release */,
			);
			defaultConfigurationIsVisible = 0;
			defaultConfigurationName = Release;
		};
/* End XCConfigurationList section */
	};
	rootObject = 2A24DA9F1A530B5E00CE2A8F /* Project object */;
}
